
Microsoft Visual Studio Solution File, Format Version 12.00
# Visual Studio Version 17
VisualStudioVersion = 17.8.34322.80
MinimumVisualStudioVersion = 10.0.40219.1
Project("{FAE04EC0-301F-11D3-BF4B-00C04F79EFBC}") = "SistemaDeTarefas", "SistemaDeTarefas.csproj", "{99C4E3AD-972D-45E5-B521-2EEBB2A21037}"
EndProject
Global
	GlobalSection(SolutionConfigurationPlatforms) = preSolution
		Debug|Any CPU = Debug|Any CPU
		Release|Any CPU = Release|Any CPU
	EndGlobalSection
	GlobalSection(ProjectConfigurationPlatforms) = postSolution
		{99C4E3AD-972D-45E5-B521-2EEBB2A21037}.Debug|Any CPU.ActiveCfg = Debug|Any CPU
		{99C4E3AD-972D-45E5-B521-2EEBB2A21037}.Debug|Any CPU.Build.0 = Debug|Any CPU
		{99C4E3AD-972D-45E5-B521-2EEBB2A21037}.Release|Any CPU.ActiveCfg = Release|Any CPU
		{99C4E3AD-972D-45E5-B521-2EEBB2A21037}.Release|Any CPU.Build.0 = Release|Any CPU
	EndGlobalSection
	GlobalSection(SolutionProperties) = preSolution
		HideSolutionNode = FALSE
	EndGlobalSection
	GlobalSection(ExtensibilityGlobals) = postSolution
		SolutionGuid = {C0E78E7E-46B7-4B12-B572-44B41F92F96C}
	EndGlobalSection
EndGlobal
