
Microsoft Visual Studio Solution File, Format Version 12.00
# Visual Studio Version 17
VisualStudioVersion = 17.8.34322.80
MinimumVisualStudioVersion = 10.0.40219.1
Project("{FAE04EC0-301F-11D3-BF4B-00C04F79EFBC}") = "WebAPI_Funcionarios", "WebAPI_Funcionarios.csproj", "{0FBADF6F-F635-45BF-B4F9-CFB4974C7584}"
EndProject
Global
	GlobalSection(SolutionConfigurationPlatforms) = preSolution
		Debug|Any CPU = Debug|Any CPU
		Release|Any CPU = Release|Any CPU
	EndGlobalSection
	GlobalSection(ProjectConfigurationPlatforms) = postSolution
		{0FBADF6F-F635-45BF-B4F9-CFB4974C7584}.Debug|Any CPU.ActiveCfg = Debug|Any CPU
		{0FBADF6F-F635-45BF-B4F9-CFB4974C7584}.Debug|Any CPU.Build.0 = Debug|Any CPU
		{0FBADF6F-F635-45BF-B4F9-CFB4974C7584}.Release|Any CPU.ActiveCfg = Release|Any CPU
		{0FBADF6F-F635-45BF-B4F9-CFB4974C7584}.Release|Any CPU.Build.0 = Release|Any CPU
	EndGlobalSection
	GlobalSection(SolutionProperties) = preSolution
		HideSolutionNode = FALSE
	EndGlobalSection
	GlobalSection(ExtensibilityGlobals) = postSolution
		SolutionGuid = {98529319-BDDB-40ED-9F2F-31B6A127EC9C}
	EndGlobalSection
EndGlobal
